
Microsoft Visual Studio Solution File, Format Version 12.00
# Visual Studio 15
VisualStudioVersion = 15.0.27004.2008
MinimumVisualStudioVersion = 10.0.40219.1
Project("{FAE04EC0-301F-11D3-BF4B-00C04F79EFBC}") = "AccessDbToMysql", "AccessDbToMysql\AccessDbToMysql.csproj", "{B05C7F8E-EED1-4489-8B87-D90C7A72E510}"
EndProject
Global
	GlobalSection(SolutionConfigurationPlatforms) = preSolution
		Debug|Any CPU = Debug|Any CPU
		Release|Any CPU = Release|Any CPU
	EndGlobalSection
	GlobalSection(ProjectConfigurationPlatforms) = postSolution
		{B05C7F8E-EED1-4489-8B87-D90C7A72E510}.Debug|Any CPU.ActiveCfg = Debug|Any CPU
		{B05C7F8E-EED1-4489-8B87-D90C7A72E510}.Debug|Any CPU.Build.0 = Debug|Any CPU
		{B05C7F8E-EED1-4489-8B87-D90C7A72E510}.Release|Any CPU.ActiveCfg = Release|Any CPU
		{B05C7F8E-EED1-4489-8B87-D90C7A72E510}.Release|Any CPU.Build.0 = Release|Any CPU
	EndGlobalSection
	GlobalSection(SolutionProperties) = preSolution
		HideSolutionNode = FALSE
	EndGlobalSection
	GlobalSection(ExtensibilityGlobals) = postSolution
		SolutionGuid = {AC4D2632-A3FF-4DA2-9468-7B5C61EB1296}
	EndGlobalSection
EndGlobal
